{
  "name": "WayPoint",
  "lockfileVersion": 3,
  "requires": true,
  "packages": {
    "": {
      "dependencies": {
        "@react-native-async-storage/async-storage": "^2.1.2",
        "@react-native-community/datetimepicker": "^8.3.0",
        "@types/react": "^18.2.55",
        "moment": "^2.30.1",
        "react": "^18.2.0",
        "react-icons": "^5.5.0"
      },
      "devDependencies": {
        "@types/react-helmet": "^6.1.11",
        "@types/react-icons": "^2.2.7",
        "jiti": "^2.6.0",
        "react-native-dotenv": "^3.4.11"
      }
    },
    "node_modules/@react-native-async-storage/async-storage": {
      "version": "2.1.2",
      "resolved": "https://registry.npmjs.org/@react-native-async-storage/async-storage/-/async-storage-2.1.2.tgz",
      "integrity": "sha512-dvlNq4AlGWC+ehtH12p65+17V0Dx7IecOWl6WanF2ja38O1Dcjjvn7jVzkUHJ5oWkQBlyASurTPlTHgKXyYiow==",
      "license": "MIT",
      "dependencies": {
        "merge-options": "^3.0.4"
      },
      "peerDependencies": {
        "react-native": "^0.0.0-0 || >=0.65 <1.0"
      }
    },
    "node_modules/@react-native-community/datetimepicker": {
      "version": "8.3.0",
      "resolved": "https://registry.npmjs.org/@react-native-community/datetimepicker/-/datetimepicker-8.3.0.tgz",
      "integrity": "sha512-K/KgaJbLtjMpx4PaG4efrVIcSe6+DbLufeX1lwPB5YY8i3sq9dOh6WcAcMTLbaRTUpurebQTkl7puHPFm9GalA==",
      "license": "MIT",
      "dependencies": {
        "invariant": "^2.2.4"
      },
      "peerDependencies": {
        "expo": ">=50.0.0",
        "react": "*",
        "react-native": "*",
        "react-native-windows": "*"
      },
      "peerDependenciesMeta": {
        "expo": {
          "optional": true
        },
        "react-native-windows": {
          "optional": true
        }
      }
    },
    "node_modules/@types/prop-types": {
      "version": "15.7.15",
      "resolved": "https://registry.npmjs.org/@types/prop-types/-/prop-types-15.7.15.tgz",
      "integrity": "sha512-F6bEyamV9jKGAFBEmlQnesRPGOQqS2+Uwi0Em15xenOxHaf2hv6L8YCVn3rPdPJOiJfPiCnLIRyvwVaqMY3MIw==",
      "license": "MIT"
    },
    "node_modules/@types/react": {
      "version": "18.2.55",
      "resolved": "https://registry.npmjs.org/@types/react/-/react-18.2.55.tgz",
      "integrity": "sha512-Y2Tz5P4yz23brwm2d7jNon39qoAtMMmalOQv6+fEFt1mT+FcM3D841wDpoUvFXhaYenuROCy3FZYqdTjM7qVyA==",
      "license": "MIT",
      "dependencies": {
        "@types/prop-types": "*",
        "@types/scheduler": "*",
        "csstype": "^3.0.2"
      }
    },
    "node_modules/@types/react-helmet": {
      "version": "6.1.11",
      "resolved": "https://registry.npmjs.org/@types/react-helmet/-/react-helmet-6.1.11.tgz",
      "integrity": "sha512-0QcdGLddTERotCXo3VFlUSWO3ztraw8nZ6e3zJSgG7apwV5xt+pJUS8ewPBqT4NYB1optGLprNQzFleIY84u/g==",
      "dev": true,
      "license": "MIT",
      "dependencies": {
        "@types/react": "*"
      }
    },
    "node_modules/@types/react-icon-base": {
      "version": "2.1.6",
      "resolved": "https://registry.npmjs.org/@types/react-icon-base/-/react-icon-base-2.1.6.tgz",
      "integrity": "sha512-ebbN1JjCm6RxBd3HdI1+8VCdiOI4qMjnl9DIHWJFrB/eYLF4mzIgdL34PIqCJBLY3vlwil9v6IHQvzsa8vgMsg==",
      "dev": true,
      "license": "MIT",
      "dependencies": {
        "@types/react": "*"
      }
    },
    "node_modules/@types/react-icons": {
      "version": "2.2.7",
      "resolved": "https://registry.npmjs.org/@types/react-icons/-/react-icons-2.2.7.tgz",
      "integrity": "sha512-qxc8xtwgDG5Ub/WILU9tZa7zxz2UZqOU4yXbBa+Xg+0LbP031NB9gvf1d/ALvHLGCsCf3WEVttNoW/wc30jn1w==",
      "dev": true,
      "license": "MIT",
      "dependencies": {
        "@types/react": "*",
        "@types/react-icon-base": "*"
      }
    },
    "node_modules/@types/scheduler": {
      "version": "0.26.0",
      "resolved": "https://registry.npmjs.org/@types/scheduler/-/scheduler-0.26.0.tgz",
      "integrity": "sha512-WFHp9YUJQ6CKshqoC37iOlHnQSmxNc795UhB26CyBBttrN9svdIrUjl/NjnNmfcwtncN0h/0PPAFWv9ovP8mLA==",
      "license": "MIT"
    },
    "node_modules/csstype": {
      "version": "3.1.3",
      "resolved": "https://registry.npmjs.org/csstype/-/csstype-3.1.3.tgz",
      "integrity": "sha512-M1uQkMl8rQK/szD0LNhtqxIPLpimGm8sOBwU7lLnCpSbTyY3yeU1Vc7l4KT5zT4s/yOxHH5O7tIuuLOCnLADRw==",
      "license": "MIT"
    },
    "node_modules/dotenv": {
      "version": "16.4.7",
      "resolved": "https://registry.npmjs.org/dotenv/-/dotenv-16.4.7.tgz",
      "integrity": "sha512-47qPchRCykZC03FhkYAhrvwU4xDBFIj1QPqaarj6mdM/hgUzfPHcpkHJOn3mJAufFeeAxAzeGsr5X0M4k6fLZQ==",
      "dev": true,
      "license": "BSD-2-Clause",
      "engines": {
        "node": ">=12"
      },
      "funding": {
        "url": "https://dotenvx.com"
      }
    },
    "node_modules/invariant": {
      "version": "2.2.4",
      "resolved": "https://registry.npmjs.org/invariant/-/invariant-2.2.4.tgz",
      "integrity": "sha512-phJfQVBuaJM5raOpJjSfkiD6BpbCE4Ns//LaXl6wGYtUBY83nWS6Rf9tXm2e8VaK60JEjYldbPif/A2B1C2gNA==",
      "license": "MIT",
      "dependencies": {
        "loose-envify": "^1.0.0"
      }
    },
    "node_modules/is-plain-obj": {
      "version": "2.1.0",
      "resolved": "https://registry.npmjs.org/is-plain-obj/-/is-plain-obj-2.1.0.tgz",
      "integrity": "sha512-YWnfyRwxL/+SsrWYfOpUtz5b3YD+nyfkHvjbcanzk8zgyO4ASD67uVMRt8k5bM4lLMDnXfriRhOpemw+NfT1eA==",
      "license": "MIT",
      "engines": {
        "node": ">=8"
      }
    },
    "node_modules/jiti": {
      "version": "2.6.0",
      "resolved": "https://registry.npmjs.org/jiti/-/jiti-2.6.0.tgz",
      "integrity": "sha512-VXe6RjJkBPj0ohtqaO8vSWP3ZhAKo66fKrFNCll4BTcwljPLz03pCbaNKfzGP5MbrCYcbJ7v0nOYYwUzTEIdXQ==",
      "dev": true,
      "license": "MIT",
      "bin": {
        "jiti": "lib/jiti-cli.mjs"
      }
    },
    "node_modules/js-tokens": {
      "version": "4.0.0",
      "resolved": "https://registry.npmjs.org/js-tokens/-/js-tokens-4.0.0.tgz",
      "integrity": "sha512-RdJUflcE3cUzKiMqQgsCu06FPu9UdIJO0beYbPhHN4k6apgJtifcoCtT9bcxOpYBtpD2kCM6Sbzg4CausW/PKQ==",
      "license": "MIT"
    },
    "node_modules/loose-envify": {
      "version": "1.4.0",
      "resolved": "https://registry.npmjs.org/loose-envify/-/loose-envify-1.4.0.tgz",
      "integrity": "sha512-lyuxPGr/Wfhrlem2CL/UcnUc1zcqKAImBDzukY7Y5F/yQiNdko6+fRLevlw1HgMySw7f611UIY408EtxRSoK3Q==",
      "license": "MIT",
      "dependencies": {
        "js-tokens": "^3.0.0 || ^4.0.0"
      },
      "bin": {
        "loose-envify": "cli.js"
      }
    },
    "node_modules/merge-options": {
      "version": "3.0.4",
      "resolved": "https://registry.npmjs.org/merge-options/-/merge-options-3.0.4.tgz",
      "integrity": "sha512-2Sug1+knBjkaMsMgf1ctR1Ujx+Ayku4EdJN4Z+C2+JzoeF7A3OZ9KM2GY0CpQS51NR61LTurMJrRKPhSs3ZRTQ==",
      "license": "MIT",
      "dependencies": {
        "is-plain-obj": "^2.1.0"
      },
      "engines": {
        "node": ">=10"
      }
    },
    "node_modules/moment": {
      "version": "2.30.1",
      "resolved": "https://registry.npmjs.org/moment/-/moment-2.30.1.tgz",
      "integrity": "sha512-uEmtNhbDOrWPFS+hdjFCBfy9f2YoyzRpwcl+DqpC6taX21FzsTLQVbMV/W7PzNSX6x/bhC1zA3c2UQ5NzH6how==",
      "license": "MIT",
      "engines": {
        "node": "*"
      }
    },
    "node_modules/react": {
      "version": "18.2.0",
      "resolved": "https://registry.npmjs.org/react/-/react-18.2.0.tgz",
      "integrity": "sha512-/3IjMdb2L9QbBdWiW5e3P2/npwMBaU9mHCSCUzNln0ZCYbcfTsGbTJrU/kGemdH2IWmB2ioZ+zkxtmq6g09fGQ==",
      "license": "MIT",
      "dependencies": {
        "loose-envify": "^1.1.0"
      },
      "engines": {
        "node": ">=0.10.0"
      }
    },
    "node_modules/react-icons": {
      "version": "5.5.0",
      "resolved": "https://registry.npmjs.org/react-icons/-/react-icons-5.5.0.tgz",
      "integrity": "sha512-MEFcXdkP3dLo8uumGI5xN3lDFNsRtrjbOEKDLD7yv76v4wpnEq2Lt2qeHaQOr34I/wPN3s3+N08WkQ+CW37Xiw==",
      "license": "MIT",
      "peerDependencies": {
        "react": "*"
      }
    },
    "node_modules/react-native-dotenv": {
      "version": "3.4.11",
      "resolved": "https://registry.npmjs.org/react-native-dotenv/-/react-native-dotenv-3.4.11.tgz",
      "integrity": "sha512-6vnIE+WHABSeHCaYP6l3O1BOEhWxKH6nHAdV7n/wKn/sciZ64zPPp2NUdEUf1m7g4uuzlLbjgr+6uDt89q2DOg==",
      "dev": true,
      "license": "MIT",
      "dependencies": {
        "dotenv": "^16.4.5"
      },
      "peerDependencies": {
        "@babel/runtime": "^7.20.6"
      }
    }
  }
}
